
Microsoft Visual Studio Solution File, Format Version 12.00
# Visual Studio Version 17
VisualStudioVersion = 17.3.32611.2
MinimumVisualStudioVersion = 10.0.40219.1
Project("{9A19103F-16F7-4668-BE54-9A1E7A4F7556}") = "PC Monitor App", "PC Monitor App\PC Monitor App.csproj", "{450D5E15-8CB0-431E-B1EB-DF0C5EFEB29D}"
EndProject
Global
	GlobalSection(SolutionConfigurationPlatforms) = preSolution
		Debug|Any CPU = Debug|Any CPU
		Release|Any CPU = Release|Any CPU
	EndGlobalSection
	GlobalSection(ProjectConfigurationPlatforms) = postSolution
		{450D5E15-8CB0-431E-B1EB-DF0C5EFEB29D}.Debug|Any CPU.ActiveCfg = Release|Any CPU
		{450D5E15-8CB0-431E-B1EB-DF0C5EFEB29D}.Debug|Any CPU.Build.0 = Release|Any CPU
		{450D5E15-8CB0-431E-B1EB-DF0C5EFEB29D}.Release|Any CPU.ActiveCfg = Release|Any CPU
		{450D5E15-8CB0-431E-B1EB-DF0C5EFEB29D}.Release|Any CPU.Build.0 = Release|Any CPU
	EndGlobalSection
	GlobalSection(SolutionProperties) = preSolution
		HideSolutionNode = FALSE
	EndGlobalSection
	GlobalSection(ExtensibilityGlobals) = postSolution
		SolutionGuid = {DF03906E-AF44-409E-9DC9-1C3B5906AEC8}
	EndGlobalSection
EndGlobal
